
Microsoft Visual Studio Solution File, Format Version 12.00
# Visual Studio Version 17
VisualStudioVersion = 17.8.34316.72
MinimumVisualStudioVersion = 10.0.40219.1
Project("{9A19103F-16F7-4668-BE54-9A1E7A4F7556}") = "UserManager", "UserManager\UserManager.csproj", "{9C921EDC-B3B0-40B5-AF03-BAE7CB69D4FF}"
EndProject
Project("{9A19103F-16F7-4668-BE54-9A1E7A4F7556}") = "UserManager.Test", "UserManager.Test\UserManager.Test.csproj", "{CFBA72FD-F743-482D-AB13-F77BA2574008}"
EndProject
Global
	GlobalSection(SolutionConfigurationPlatforms) = preSolution
		Debug|Any CPU = Debug|Any CPU
		Release|Any CPU = Release|Any CPU
	EndGlobalSection
	GlobalSection(ProjectConfigurationPlatforms) = postSolution
		{9C921EDC-B3B0-40B5-AF03-BAE7CB69D4FF}.Debug|Any CPU.ActiveCfg = Debug|Any CPU
		{9C921EDC-B3B0-40B5-AF03-BAE7CB69D4FF}.Debug|Any CPU.Build.0 = Debug|Any CPU
		{9C921EDC-B3B0-40B5-AF03-BAE7CB69D4FF}.Release|Any CPU.ActiveCfg = Release|Any CPU
		{9C921EDC-B3B0-40B5-AF03-BAE7CB69D4FF}.Release|Any CPU.Build.0 = Release|Any CPU
		{CFBA72FD-F743-482D-AB13-F77BA2574008}.Debug|Any CPU.ActiveCfg = Debug|Any CPU
		{CFBA72FD-F743-482D-AB13-F77BA2574008}.Debug|Any CPU.Build.0 = Debug|Any CPU
		{CFBA72FD-F743-482D-AB13-F77BA2574008}.Release|Any CPU.ActiveCfg = Release|Any CPU
		{CFBA72FD-F743-482D-AB13-F77BA2574008}.Release|Any CPU.Build.0 = Release|Any CPU
	EndGlobalSection
	GlobalSection(SolutionProperties) = preSolution
		HideSolutionNode = FALSE
	EndGlobalSection
	GlobalSection(ExtensibilityGlobals) = postSolution
		SolutionGuid = {442D8AC3-2DD1-481B-BACA-DFDC35252010}
	EndGlobalSection
EndGlobal
